
Microsoft Visual Studio Solution File, Format Version 12.00
# Visual Studio Version 17
VisualStudioVersion = 17.13.35825.156
MinimumVisualStudioVersion = 10.0.40219.1
Project("{FAE04EC0-301F-11D3-BF4B-00C04F79EFBC}") = "GenericNotification.API", "GenericNotification.API\GenericNotification.API.csproj", "{9DD138E7-B927-490B-98B7-4795C3AB5EF0}"
EndProject
Project("{FAE04EC0-301F-11D3-BF4B-00C04F79EFBC}") = "GenericNotification.Core", "GenericNotification.Core\GenericNotification.Core.csproj", "{2AD23ECD-68BB-4F59-8E2F-841CDD975F45}"
EndProject
Global
	GlobalSection(SolutionConfigurationPlatforms) = preSolution
		Debug|Any CPU = Debug|Any CPU
		Release|Any CPU = Release|Any CPU
	EndGlobalSection
	GlobalSection(ProjectConfigurationPlatforms) = postSolution
		{9DD138E7-B927-490B-98B7-4795C3AB5EF0}.Debug|Any CPU.ActiveCfg = Debug|Any CPU
		{9DD138E7-B927-490B-98B7-4795C3AB5EF0}.Debug|Any CPU.Build.0 = Debug|Any CPU
		{9DD138E7-B927-490B-98B7-4795C3AB5EF0}.Release|Any CPU.ActiveCfg = Release|Any CPU
		{9DD138E7-B927-490B-98B7-4795C3AB5EF0}.Release|Any CPU.Build.0 = Release|Any CPU
		{2AD23ECD-68BB-4F59-8E2F-841CDD975F45}.Debug|Any CPU.ActiveCfg = Debug|Any CPU
		{2AD23ECD-68BB-4F59-8E2F-841CDD975F45}.Debug|Any CPU.Build.0 = Debug|Any CPU
		{2AD23ECD-68BB-4F59-8E2F-841CDD975F45}.Release|Any CPU.ActiveCfg = Release|Any CPU
		{2AD23ECD-68BB-4F59-8E2F-841CDD975F45}.Release|Any CPU.Build.0 = Release|Any CPU
	EndGlobalSection
	GlobalSection(SolutionProperties) = preSolution
		HideSolutionNode = FALSE
	EndGlobalSection
	GlobalSection(ExtensibilityGlobals) = postSolution
		SolutionGuid = {8E223CC3-4DB9-46AB-8B05-F0D076E0A6B5}
	EndGlobalSection
EndGlobal
